
Microsoft Visual Studio Solution File, Format Version 12.00
# Visual Studio Version 17
VisualStudioVersion = 17.14.36915.13
MinimumVisualStudioVersion = 10.0.40219.1
Project("{FAE04EC0-301F-11D3-BF4B-00C04F79EFBC}") = "oop03", "oop03\oop03.csproj", "{669FB53C-2040-4797-9BA1-05B0CCD5FEFB}"
EndProject
Global
	GlobalSection(SolutionConfigurationPlatforms) = preSolution
		Debug|Any CPU = Debug|Any CPU
		Release|Any CPU = Release|Any CPU
	EndGlobalSection
	GlobalSection(ProjectConfigurationPlatforms) = postSolution
		{669FB53C-2040-4797-9BA1-05B0CCD5FEFB}.Debug|Any CPU.ActiveCfg = Debug|Any CPU
		{669FB53C-2040-4797-9BA1-05B0CCD5FEFB}.Debug|Any CPU.Build.0 = Debug|Any CPU
		{669FB53C-2040-4797-9BA1-05B0CCD5FEFB}.Release|Any CPU.ActiveCfg = Release|Any CPU
		{669FB53C-2040-4797-9BA1-05B0CCD5FEFB}.Release|Any CPU.Build.0 = Release|Any CPU
	EndGlobalSection
	GlobalSection(SolutionProperties) = preSolution
		HideSolutionNode = FALSE
	EndGlobalSection
	GlobalSection(ExtensibilityGlobals) = postSolution
		SolutionGuid = {3AED1377-2C13-4380-ADB5-1E977F3C6791}
	EndGlobalSection
EndGlobal
