
Microsoft Visual Studio Solution File, Format Version 12.00
# Visual Studio Version 17
VisualStudioVersion = 17.14.36915.13 d17.14
MinimumVisualStudioVersion = 10.0.40219.1
Project("{FAE04EC0-301F-11D3-BF4B-00C04F79EFBC}") = "Adv03", "Adv03\Adv03.csproj", "{5E3C1BAF-B504-40EF-98B5-9A62C059551A}"
EndProject
Global
	GlobalSection(SolutionConfigurationPlatforms) = preSolution
		Debug|Any CPU = Debug|Any CPU
		Release|Any CPU = Release|Any CPU
	EndGlobalSection
	GlobalSection(ProjectConfigurationPlatforms) = postSolution
		{5E3C1BAF-B504-40EF-98B5-9A62C059551A}.Debug|Any CPU.ActiveCfg = Debug|Any CPU
		{5E3C1BAF-B504-40EF-98B5-9A62C059551A}.Debug|Any CPU.Build.0 = Debug|Any CPU
		{5E3C1BAF-B504-40EF-98B5-9A62C059551A}.Release|Any CPU.ActiveCfg = Release|Any CPU
		{5E3C1BAF-B504-40EF-98B5-9A62C059551A}.Release|Any CPU.Build.0 = Release|Any CPU
	EndGlobalSection
	GlobalSection(SolutionProperties) = preSolution
		HideSolutionNode = FALSE
	EndGlobalSection
	GlobalSection(ExtensibilityGlobals) = postSolution
		SolutionGuid = {32355015-FF18-43EE-B109-E9DE87D32B81}
	EndGlobalSection
EndGlobal
